
Microsoft Visual Studio Solution File, Format Version 12.00
# Visual Studio Version 17
VisualStudioVersion = 17.10.35122.118
MinimumVisualStudioVersion = 10.0.40219.1
Project("{FAE04EC0-301F-11D3-BF4B-00C04F79EFBC}") = "project", "project.csproj", "{0845C0C1-55FB-42D4-89CD-6B4743D12C32}"
EndProject
Global
	GlobalSection(SolutionConfigurationPlatforms) = preSolution
		Debug|Any CPU = Debug|Any CPU
		Release|Any CPU = Release|Any CPU
	EndGlobalSection
	GlobalSection(ProjectConfigurationPlatforms) = postSolution
		{0845C0C1-55FB-42D4-89CD-6B4743D12C32}.Debug|Any CPU.ActiveCfg = Debug|Any CPU
		{0845C0C1-55FB-42D4-89CD-6B4743D12C32}.Debug|Any CPU.Build.0 = Debug|Any CPU
		{0845C0C1-55FB-42D4-89CD-6B4743D12C32}.Release|Any CPU.ActiveCfg = Release|Any CPU
		{0845C0C1-55FB-42D4-89CD-6B4743D12C32}.Release|Any CPU.Build.0 = Release|Any CPU
	EndGlobalSection
	GlobalSection(SolutionProperties) = preSolution
		HideSolutionNode = FALSE
	EndGlobalSection
	GlobalSection(ExtensibilityGlobals) = postSolution
		SolutionGuid = {38846932-57FE-468E-9243-B24B3E75548E}
	EndGlobalSection
EndGlobal
